
Microsoft Visual Studio Solution File, Format Version 12.00
# Visual Studio Version 17
VisualStudioVersion = 17.0.31903.59
MinimumVisualStudioVersion = 10.0.40219.1
Project("{FAE04EC0-301F-11D3-BF4B-00C04F79EFBC}") = "HMS.API", "HMS.API\HMS.API.csproj", "{D4814A14-66EB-4FBE-9F76-AC2F0104B493}"
EndProject
Project("{FAE04EC0-301F-11D3-BF4B-00C04F79EFBC}") = "HMS.Business", "HMS.Business\HMS.Business.csproj", "{9E4DF83A-6B77-4ACB-94D4-6201C16E2D8F}"
EndProject
Project("{FAE04EC0-301F-11D3-BF4B-00C04F79EFBC}") = "HMS.Data", "HMS.Data\HMS.Data.csproj", "{EE17D70F-6E18-4EA6-AB30-9A99AC227A4E}"
EndProject
Project("{FAE04EC0-301F-11D3-BF4B-00C04F79EFBC}") = "HMS.Entity", "HMS.Entity\HMS.Entity.csproj", "{CC92D5BE-E0DB-43FD-9695-7C58AA699131}"
EndProject
Project("{FAE04EC0-301F-11D3-BF4B-00C04F79EFBC}") = "HMS.Tests", "HMS.Tests\HMS.Tests.csproj", "{DF08B0C9-D6AF-494C-B357-FF79ADC2C527}"
EndProject
Global
	GlobalSection(SolutionConfigurationPlatforms) = preSolution
		Debug|Any CPU = Debug|Any CPU
		Release|Any CPU = Release|Any CPU
	EndGlobalSection
	GlobalSection(SolutionProperties) = preSolution
		HideSolutionNode = FALSE
	EndGlobalSection
	GlobalSection(ProjectConfigurationPlatforms) = postSolution
		{D4814A14-66EB-4FBE-9F76-AC2F0104B493}.Debug|Any CPU.ActiveCfg = Debug|Any CPU
		{D4814A14-66EB-4FBE-9F76-AC2F0104B493}.Debug|Any CPU.Build.0 = Debug|Any CPU
		{D4814A14-66EB-4FBE-9F76-AC2F0104B493}.Release|Any CPU.ActiveCfg = Release|Any CPU
		{D4814A14-66EB-4FBE-9F76-AC2F0104B493}.Release|Any CPU.Build.0 = Release|Any CPU
		{9E4DF83A-6B77-4ACB-94D4-6201C16E2D8F}.Debug|Any CPU.ActiveCfg = Debug|Any CPU
		{9E4DF83A-6B77-4ACB-94D4-6201C16E2D8F}.Debug|Any CPU.Build.0 = Debug|Any CPU
		{9E4DF83A-6B77-4ACB-94D4-6201C16E2D8F}.Release|Any CPU.ActiveCfg = Release|Any CPU
		{9E4DF83A-6B77-4ACB-94D4-6201C16E2D8F}.Release|Any CPU.Build.0 = Release|Any CPU
		{EE17D70F-6E18-4EA6-AB30-9A99AC227A4E}.Debug|Any CPU.ActiveCfg = Debug|Any CPU
		{EE17D70F-6E18-4EA6-AB30-9A99AC227A4E}.Debug|Any CPU.Build.0 = Debug|Any CPU
		{EE17D70F-6E18-4EA6-AB30-9A99AC227A4E}.Release|Any CPU.ActiveCfg = Release|Any CPU
		{EE17D70F-6E18-4EA6-AB30-9A99AC227A4E}.Release|Any CPU.Build.0 = Release|Any CPU
		{CC92D5BE-E0DB-43FD-9695-7C58AA699131}.Debug|Any CPU.ActiveCfg = Debug|Any CPU
		{CC92D5BE-E0DB-43FD-9695-7C58AA699131}.Debug|Any CPU.Build.0 = Debug|Any CPU
		{CC92D5BE-E0DB-43FD-9695-7C58AA699131}.Release|Any CPU.ActiveCfg = Release|Any CPU
		{CC92D5BE-E0DB-43FD-9695-7C58AA699131}.Release|Any CPU.Build.0 = Release|Any CPU
		{DF08B0C9-D6AF-494C-B357-FF79ADC2C527}.Debug|Any CPU.ActiveCfg = Debug|Any CPU
		{DF08B0C9-D6AF-494C-B357-FF79ADC2C527}.Debug|Any CPU.Build.0 = Debug|Any CPU
		{DF08B0C9-D6AF-494C-B357-FF79ADC2C527}.Release|Any CPU.ActiveCfg = Release|Any CPU
		{DF08B0C9-D6AF-494C-B357-FF79ADC2C527}.Release|Any CPU.Build.0 = Release|Any CPU
	EndGlobalSection
EndGlobal
